github.com/mattn/go-sqlite3 v1.14.28 h1:ThEiQrnbtumT+QMknw63Befp/ce/nUPgBPMlRFEum7A=
github.com/mattn/go-sqlite3 v1.14.28/go.mod h1:Uh1q+B4BYcTPb+yiD3kU8Ct7aC0hY9fxUwlHK0RXw+Y=
github.com/opensaucerer/goaxios v0.0.6 h1:bPoICZDeBldoxsZ6oMec9bEFXSardLsxXoCfJG0n7Gw=
github.com/opensaucerer/goaxios v0.0.6/go.mod h1:DukGCZOw7/YhPF6JaDtjVTOaNq6wGA4LQMZnYNAwlNM=
